<?xml version="1.0" encoding="utf-8"?>
<Project ToolsVersion="4.0" xmlns="http://schemas.microsoft.com/developer/msbuild/2003">
  <ItemGroup>
    <Filter Include="Source Files">
      <UniqueIdentifier>{4FC737F1-C7A5-4376-A066-2A32D752A2FF}</UniqueIdentifier>
      <Extensions>cpp;c;cc;cxx;c++;cppm;ixx;def;odl;idl;hpj;bat;asm;asmx</Extensions>
    </Filter>
    <Filter Include="Header Files">
      <UniqueIdentifier>{93995380-89BD-4b04-88EB-625FBE52EBFB}</UniqueIdentifier>
      <Extensions>h;hh;hpp;hxx;h++;hm;inl;inc;ipp;xsd</Extensions>
    </Filter>
    <Filter Include="Resource Files">
      <UniqueIdentifier>{67DA6AB6-F800-4c08-8B7A-83BB121AAD01}</UniqueIdentifier>
      <Extensions>rc;ico;cur;bmp;dlg;rc2;rct;bin;rgs;gif;jpg;jpeg;jpe;resx;tiff;tif;png;wav;mfcribbon-ms</Extensions>
    </Filter>
  </ItemGroup>
  <ItemGroup>
    <ClInclude Include="EGE\include\easy_engine.h">
      <Filter>Header Files</Filter>
    </ClInclude>
    <ClInclude Include="EGE\include\easy_events.h">
      <Filter>Header Files</Filter>
    </ClInclude>
    <ClInclude Include="EGE\include\easy_graphics.h">
      <Filter>Header Files</Filter>
    </ClInclude>
    <ClInclude Include="EGE\include\easy_object.h">
      <Filter>Header Files</Filter>
    </ClInclude>
    <ClInclude Include="EGE\include\easy_renderable.h">
      <Filter>Header Files</Filter>
    </ClInclude>
    <ClInclude Include="EGE\include\easy_script.h">
      <Filter>Header Files</Filter>
    </ClInclude>
    <ClInclude Include="EGE\include\easy_shape.h">
      <Filter>Header Files</Filter>
    </ClInclude>
    <ClInclude Include="EGE\include\easy_window.h">
      <Filter>Header Files</Filter>
    </ClInclude>
    <ClInclude Include="EGE\include\utils.h">
      <Filter>Header Files</Filter>
    </ClInclude>
    <ClInclude Include="EGE\include\stb_image.h">
      <Filter>Header Files</Filter>
    </ClInclude>
    <ClInclude Include="EGE\include\easy_texture.h">
      <Filter>Header Files</Filter>
    </ClInclude>
    <ClInclude Include="scripts\map_renderer.h">
      <Filter>Header Files</Filter>
    </ClInclude>
    <ClInclude Include="scripts\player.h">
      <Filter>Header Files</Filter>
    </ClInclude>
    <ClInclude Include="scripts\world_object.h">
      <Filter>Header Files</Filter>
    </ClInclude>
  </ItemGroup>
  <ItemGroup>
    <ClCompile Include="EGE\source\easy_engine.cpp">
      <Filter>Source Files</Filter>
    </ClCompile>
    <ClCompile Include="EGE\source\easy_events.cpp">
      <Filter>Source Files</Filter>
    </ClCompile>
    <ClCompile Include="EGE\source\easy_graphics.cpp">
      <Filter>Source Files</Filter>
    </ClCompile>
    <ClCompile Include="EGE\source\easy_object.cpp">
      <Filter>Source Files</Filter>
    </ClCompile>
    <ClCompile Include="EGE\source\easy_renderable.cpp">
      <Filter>Source Files</Filter>
    </ClCompile>
    <ClCompile Include="EGE\source\easy_script.cpp">
      <Filter>Source Files</Filter>
    </ClCompile>
    <ClCompile Include="EGE\source\easy_shape.cpp">
      <Filter>Source Files</Filter>
    </ClCompile>
    <ClCompile Include="EGE\source\easy_window.cpp">
      <Filter>Source Files</Filter>
    </ClCompile>
    <ClCompile Include="EGE\init.cpp">
      <Filter>Source Files</Filter>
    </ClCompile>
    <ClCompile Include="scripts\map_renderer.cpp">
      <Filter>Source Files</Filter>
    </ClCompile>
    <ClCompile Include="EGE\source\easy_texture.cpp">
      <Filter>Source Files</Filter>
    </ClCompile>
    <ClCompile Include="scripts\player.cpp">
      <Filter>Source Files</Filter>
    </ClCompile>
    <ClCompile Include="scripts\world_object.cpp">
      <Filter>Source Files</Filter>
    </ClCompile>
    <ClCompile Include="main.cpp">
      <Filter>Source Files</Filter>
    </ClCompile>
  </ItemGroup>
  <ItemGroup>
    <Image Include="textures\TECH_4E.png">
      <Filter>Resource Files</Filter>
    </Image>
    <Image Include="textures\BRICK_1A.png">
      <Filter>Resource Files</Filter>
    </Image>
    <Image Include="textures\BRICK_1B.png">
      <Filter>Resource Files</Filter>
    </Image>
    <Image Include="textures\BRICK_2A.png">
      <Filter>Resource Files</Filter>
    </Image>
    <Image Include="textures\BRICK_2B.png">
      <Filter>Resource Files</Filter>
    </Image>
    <Image Include="textures\BRICK_3A.png">
      <Filter>Resource Files</Filter>
    </Image>
    <Image Include="textures\BRICK_3B.png">
      <Filter>Resource Files</Filter>
    </Image>
    <Image Include="textures\FLOOR_1A.png">
      <Filter>Resource Files</Filter>
    </Image>
    <Image Include="textures\PIPES_2A.png">
      <Filter>Resource Files</Filter>
    </Image>
    <Image Include="textures\TECH_0A.png">
      <Filter>Resource Files</Filter>
    </Image>
    <Image Include="textures\BARTA0.png">
      <Filter>Resource Files</Filter>
    </Image>
    <Image Include="textures\BARTB0.png">
      <Filter>Resource Files</Filter>
    </Image>
    <Image Include="textures\BARTC0.png">
      <Filter>Resource Files</Filter>
    </Image>
  </ItemGroup>
  <ItemGroup>
    <None Include="build.vcxproj" />
  </ItemGroup>
</Project>